
Microsoft Visual Studio Solution File, Format Version 12.00
# Visual Studio 15
VisualStudioVersion = 15.0.27428.2037
MinimumVisualStudioVersion = 10.0.40219.1
Project("{FAE04EC0-301F-11D3-BF4B-00C04F79EFBC}") = "Automation", "new\Automation.csproj", "{AA03414E-BF06-4E77-817E-82BC7B65B190}"
EndProject
Project("{FAE04EC0-301F-11D3-BF4B-00C04F79EFBC}") = "test", "test\test.csproj", "{B45AFF74-E01C-4453-968E-5E30C3732059}"
EndProject
Project("{FAE04EC0-301F-11D3-BF4B-00C04F79EFBC}") = "SiteDriverHandler", "SiteDriverHandler\SiteDriverHandler.csproj", "{78E0D5EF-D68C-4549-A956-EF87709F0A9E}"
EndProject
Project("{FAE04EC0-301F-11D3-BF4B-00C04F79EFBC}") = "DemoPage", "DemoPage\DemoPage.csproj", "{5CA2AC04-CEEC-4004-9364-15E328A49963}"
EndProject
Global
	GlobalSection(SolutionConfigurationPlatforms) = preSolution
		Debug|Any CPU = Debug|Any CPU
		Release|Any CPU = Release|Any CPU
	EndGlobalSection
	GlobalSection(ProjectConfigurationPlatforms) = postSolution
		{AA03414E-BF06-4E77-817E-82BC7B65B190}.Debug|Any CPU.ActiveCfg = Debug|Any CPU
		{AA03414E-BF06-4E77-817E-82BC7B65B190}.Debug|Any CPU.Build.0 = Debug|Any CPU
		{AA03414E-BF06-4E77-817E-82BC7B65B190}.Release|Any CPU.ActiveCfg = Release|Any CPU
		{AA03414E-BF06-4E77-817E-82BC7B65B190}.Release|Any CPU.Build.0 = Release|Any CPU
		{B45AFF74-E01C-4453-968E-5E30C3732059}.Debug|Any CPU.ActiveCfg = Debug|Any CPU
		{B45AFF74-E01C-4453-968E-5E30C3732059}.Debug|Any CPU.Build.0 = Debug|Any CPU
		{B45AFF74-E01C-4453-968E-5E30C3732059}.Release|Any CPU.ActiveCfg = Release|Any CPU
		{B45AFF74-E01C-4453-968E-5E30C3732059}.Release|Any CPU.Build.0 = Release|Any CPU
		{78E0D5EF-D68C-4549-A956-EF87709F0A9E}.Debug|Any CPU.ActiveCfg = Debug|Any CPU
		{78E0D5EF-D68C-4549-A956-EF87709F0A9E}.Debug|Any CPU.Build.0 = Debug|Any CPU
		{78E0D5EF-D68C-4549-A956-EF87709F0A9E}.Release|Any CPU.ActiveCfg = Release|Any CPU
		{78E0D5EF-D68C-4549-A956-EF87709F0A9E}.Release|Any CPU.Build.0 = Release|Any CPU
		{5CA2AC04-CEEC-4004-9364-15E328A49963}.Debug|Any CPU.ActiveCfg = Debug|Any CPU
		{5CA2AC04-CEEC-4004-9364-15E328A49963}.Debug|Any CPU.Build.0 = Debug|Any CPU
		{5CA2AC04-CEEC-4004-9364-15E328A49963}.Release|Any CPU.ActiveCfg = Release|Any CPU
		{5CA2AC04-CEEC-4004-9364-15E328A49963}.Release|Any CPU.Build.0 = Release|Any CPU
	EndGlobalSection
	GlobalSection(SolutionProperties) = preSolution
		HideSolutionNode = FALSE
	EndGlobalSection
	GlobalSection(ExtensibilityGlobals) = postSolution
		SolutionGuid = {BEDE46EB-E341-45BE-AE32-B7D896E11BA1}
	EndGlobalSection
EndGlobal
